{
    "_readme": [
        "This file locks the dependencies of your project to a known state",
        "Read more about it at https://getcomposer.org/doc/01-basic-usage.md#composer-lock-the-lock-file",
        "This file is @generated automatically"
    ],
    "hash": "990e3a518f2f7a564f2dc463461a9a02",
    "content-hash": "e81fe506f981ee2ff79bc12c3872a75c",
    "packages": [
        {
            "name": "messagebird/php-rest-api",
            "version": "v1.9.3",
            "source": {
                "type": "git",
                "url": "https://github.com/messagebird/php-rest-api.git",
                "reference": "850fbffde83d7bfe362fce10aba9f27428aba670"
            },
            "dist": {
                "type": "zip",
                "url": "https://api.github.com/repos/messagebird/php-rest-api/zipball/850fbffde83d7bfe362fce10aba9f27428aba670",
                "reference": "850fbffde83d7bfe362fce10aba9f27428aba670",
                "shasum": ""
            },
            "require": {
                "ext-curl": "*",
                "php": ">=5.3.0"
            },
            "require-dev": {
                "phpunit/phpunit": "4.7.*"
            },
            "type": "library",
            "autoload": {
                "psr-4": {
                    "MessageBird\\": "src/MessageBird/"
                }
            },
            "notification-url": "https://packagist.org/downloads/",
            "license": [
                "BSD-2-Clause"
            ],
            "authors": [
                {
                    "name": "MessageBird",
                    "email": "info@messagebird.com"
                }
            ],
            "description": "MessageBird REST API client for PHP",
            "homepage": "https://github.com/messagebird/php-rest-api",
            "time": "2017-11-29 12:18:31"
        }
    ],
    "packages-dev": [],
    "aliases": [],
    "minimum-stability": "stable",
    "stability-flags": [],
    "prefer-stable": false,
    "prefer-lowest": false,
    "platform": [],
    "platform-dev": []
}
